
Microsoft Visual Studio Solution File, Format Version 9.00
# Visual C# Express 2005
Project("{FAE04EC0-301F-11D3-BF4B-00C04F79EFBC}") = "VrSharp", "VrSharp\VrSharp.csproj", "{0BE70222-C1CC-4035-B2ED-13E976A53C32}"
EndProject
Project("{FAE04EC0-301F-11D3-BF4B-00C04F79EFBC}") = "VrConv", "VrConv\VrConv.csproj", "{78196D95-D34B-4C0B-A16F-A7A487AE237A}"
EndProject
Project("{FAE04EC0-301F-11D3-BF4B-00C04F79EFBC}") = "ImgSharp", "ImgSharp\ImgSharp.csproj", "{889DCE80-78CB-4865-A16F-12FD2B85766B}"
EndProject
Global
	GlobalSection(SolutionConfigurationPlatforms) = preSolution
		Debug|Any CPU = Debug|Any CPU
		Release|Any CPU = Release|Any CPU
	EndGlobalSection
	GlobalSection(ProjectConfigurationPlatforms) = postSolution
		{0BE70222-C1CC-4035-B2ED-13E976A53C32}.Debug|Any CPU.ActiveCfg = Debug|Any CPU
		{0BE70222-C1CC-4035-B2ED-13E976A53C32}.Debug|Any CPU.Build.0 = Debug|Any CPU
		{0BE70222-C1CC-4035-B2ED-13E976A53C32}.Release|Any CPU.ActiveCfg = Release|Any CPU
		{0BE70222-C1CC-4035-B2ED-13E976A53C32}.Release|Any CPU.Build.0 = Release|Any CPU
		{78196D95-D34B-4C0B-A16F-A7A487AE237A}.Debug|Any CPU.ActiveCfg = Debug|Any CPU
		{78196D95-D34B-4C0B-A16F-A7A487AE237A}.Debug|Any CPU.Build.0 = Debug|Any CPU
		{78196D95-D34B-4C0B-A16F-A7A487AE237A}.Release|Any CPU.ActiveCfg = Release|Any CPU
		{78196D95-D34B-4C0B-A16F-A7A487AE237A}.Release|Any CPU.Build.0 = Release|Any CPU
		{889DCE80-78CB-4865-A16F-12FD2B85766B}.Debug|Any CPU.ActiveCfg = Debug|Any CPU
		{889DCE80-78CB-4865-A16F-12FD2B85766B}.Debug|Any CPU.Build.0 = Debug|Any CPU
		{889DCE80-78CB-4865-A16F-12FD2B85766B}.Release|Any CPU.ActiveCfg = Release|Any CPU
		{889DCE80-78CB-4865-A16F-12FD2B85766B}.Release|Any CPU.Build.0 = Release|Any CPU
	EndGlobalSection
	GlobalSection(SolutionProperties) = preSolution
		HideSolutionNode = FALSE
	EndGlobalSection
EndGlobal
